
Microsoft Visual Studio Solution File, Format Version 12.00
# Visual Studio Version 16
VisualStudioVersion = 16.0.31911.196
MinimumVisualStudioVersion = 10.0.40219.1
Project("{FAE04EC0-301F-11D3-BF4B-00C04F79EFBC}") = "WpfCoronaCheck", "WpfCoronaCheck\WpfCoronaCheck.csproj", "{B37EA406-4A60-454A-A1C5-98850C01E037}"
EndProject
Global
	GlobalSection(SolutionConfigurationPlatforms) = preSolution
		Debug|Any CPU = Debug|Any CPU
		Release|Any CPU = Release|Any CPU
	EndGlobalSection
	GlobalSection(ProjectConfigurationPlatforms) = postSolution
		{B37EA406-4A60-454A-A1C5-98850C01E037}.Debug|Any CPU.ActiveCfg = Debug|Any CPU
		{B37EA406-4A60-454A-A1C5-98850C01E037}.Debug|Any CPU.Build.0 = Debug|Any CPU
		{B37EA406-4A60-454A-A1C5-98850C01E037}.Release|Any CPU.ActiveCfg = Release|Any CPU
		{B37EA406-4A60-454A-A1C5-98850C01E037}.Release|Any CPU.Build.0 = Release|Any CPU
	EndGlobalSection
	GlobalSection(SolutionProperties) = preSolution
		HideSolutionNode = FALSE
	EndGlobalSection
	GlobalSection(ExtensibilityGlobals) = postSolution
		SolutionGuid = {A80D741C-6FEE-48F3-B9F8-009803EBDCA0}
	EndGlobalSection
EndGlobal
